PODS:
  - Crashlytics (3.14.0):
    - Fabric (~> 1.10.2)
  - Fabric (1.10.2)

DEPENDENCIES:
  - Crashlytics (= 3.14.0)
  - Fabric (= 1.10.2)

SPEC REPOS:
  https://github.com/cocoapods/specs.git:
    - Crashlytics
    - Fabric

SPEC CHECKSUMS:
  Crashlytics: 9220f5bc89e7a618df411b4f639389dbfb0e03d2
  Fabric: ea977e3cd9c20425516d3dafd3bf8c941c51223f

PODFILE CHECKSUM: 51aad5c7af151f9f86430ad56a2c9613a46222b6

COCOAPODS: 1.5.3
